dependencies:
- name: postgresql
  repository: https://charts.bitnami.com/bitnami
  version: 7.7.3
- name: rabbitmq
  repository: https://charts.bitnami.com/bitnami
  version: 6.14.2
- name: elasticsearch
  repository: https://helm.elastic.co
  version: 6.8.13
digest: sha256:c16420bd8e98a25c44fc5c33061d6d9407971f07bc88c608a8a15863275f9ce8
generated: "2020-12-22T19:07:54.082297+01:00"
