dependencies:
- name: postgresql
  repository: https://kubernetes-charts.storage.googleapis.com
  version: 7.7.2
- name: redis
  repository: https://kubernetes-charts.storage.googleapis.com
  version: 10.2.1
digest: sha256:1a7b5205a7b2c898e621847ed399f71ca31b6ce3158abda76d5e27ea91b4d63b
generated: "2019-12-09T14:38:22.018277+01:00"
