dependencies:
- name: postgresql
  repository: https://kubernetes-charts.storage.googleapis.com
  version: 7.7.3
- name: rabbitmq
  repository: https://kubernetes-charts.storage.googleapis.com
  version: 6.14.2
- name: elasticsearch
  repository: https://helm.elastic.co
  version: ~6.8.0
digest: sha256:f985dfeda6f14bba366ea2e4877c2481e960d68d5ba3d542d056af2695444f58
generated: "2020-06-25T09:41:24.176349+02:00"
