dependencies:
- name: postgresql
  repository: https://charts.bitnami.com/bitnami
  version: 7.7.3
- name: rabbitmq
  repository: https://charts.bitnami.com/bitnami
  version: 6.14.2
- name: elasticsearch
  repository: https://helm.elastic.co
  version: 6.8.21
digest: sha256:4ce3cd4ce988793214f2c3a4ca6afcbe046c428d653e62913380013440629003
generated: "2021-12-16T12:44:31.737247+01:00"
