dependencies:
- name: postgresql
  repository: https://charts.bitnami.com/bitnami
  version: 11.9.13
- name: rabbitmq
  repository: https://charts.bitnami.com/bitnami
  version: 11.16.2
- name: elasticsearch
  repository: https://helm.elastic.co
  version: 7.17.3
digest: sha256:1e978d83e1e83e197dad344c74eae9db7c51685383a47efa4c704a1170c63b7d
generated: "2023-07-10T19:49:45.458196+02:00"
