dependencies:
- name: postgresql
  repository: https://charts.bitnami.com/bitnami
  version: 11.6.26
- name: rabbitmq
  repository: https://charts.bitnami.com/bitnami
  version: 10.1.19
- name: elasticsearch
  repository: https://helm.elastic.co
  version: 6.8.22
digest: sha256:5f2e419fec8f9840daf2ce93d29545411998cd8b5d7257ed67e4f6e0dd37e680
generated: "2023-02-02T22:03:29.636764+01:00"
